
Microsoft Visual Studio Solution File, Format Version 12.00
# Visual Studio Version 17
VisualStudioVersion = 17.9.34701.34
MinimumVisualStudioVersion = 10.0.40219.1
Project("{FAE04EC0-301F-11D3-BF4B-00C04F79EFBC}") = "Conversor C a F", "Conversor C a F.csproj", "{40C408C6-0688-4D98-BF3C-CFA8189D639D}"
EndProject
Global
	GlobalSection(SolutionConfigurationPlatforms) = preSolution
		Debug|Any CPU = Debug|Any CPU
		Release|Any CPU = Release|Any CPU
	EndGlobalSection
	GlobalSection(ProjectConfigurationPlatforms) = postSolution
		{40C408C6-0688-4D98-BF3C-CFA8189D639D}.Debug|Any CPU.ActiveCfg = Debug|Any CPU
		{40C408C6-0688-4D98-BF3C-CFA8189D639D}.Debug|Any CPU.Build.0 = Debug|Any CPU
		{40C408C6-0688-4D98-BF3C-CFA8189D639D}.Release|Any CPU.ActiveCfg = Release|Any CPU
		{40C408C6-0688-4D98-BF3C-CFA8189D639D}.Release|Any CPU.Build.0 = Release|Any CPU
	EndGlobalSection
	GlobalSection(SolutionProperties) = preSolution
		HideSolutionNode = FALSE
	EndGlobalSection
	GlobalSection(ExtensibilityGlobals) = postSolution
		SolutionGuid = {E058374C-EFDE-404B-AA49-25B03E4563FA}
	EndGlobalSection
EndGlobal
